
Microsoft Visual Studio Solution File, Format Version 12.00
# Visual Studio Version 16
VisualStudioVersion = 16.0.29926.136
MinimumVisualStudioVersion = 10.0.40219.1
Project("{FAE04EC0-301F-11D3-BF4B-00C04F79EFBC}") = "Game", "Game.csproj", "{FF683B53-1612-468C-B3FA-318DF6F0F396}"
EndProject
Global
	GlobalSection(SolutionConfigurationPlatforms) = preSolution
		Debug|Any CPU = Debug|Any CPU
		Release|Any CPU = Release|Any CPU
	EndGlobalSection
	GlobalSection(ProjectConfigurationPlatforms) = postSolution
		{FF683B53-1612-468C-B3FA-318DF6F0F396}.Debug|Any CPU.ActiveCfg = Debug|Any CPU
		{FF683B53-1612-468C-B3FA-318DF6F0F396}.Debug|Any CPU.Build.0 = Debug|Any CPU
		{FF683B53-1612-468C-B3FA-318DF6F0F396}.Release|Any CPU.ActiveCfg = Release|Any CPU
		{FF683B53-1612-468C-B3FA-318DF6F0F396}.Release|Any CPU.Build.0 = Release|Any CPU
	EndGlobalSection
	GlobalSection(SolutionProperties) = preSolution
		HideSolutionNode = FALSE
	EndGlobalSection
	GlobalSection(ExtensibilityGlobals) = postSolution
		SolutionGuid = {8BEF4D09-802C-4096-B5D8-EA2CD44AB795}
	EndGlobalSection
EndGlobal
